<?xml version="1.0" encoding="utf-8"?>
<Project ToolsVersion="17.0" xmlns="http://schemas.microsoft.com/developer/msbuild/2003">
  <ItemGroup>
    <CustomBuild Include="C:\Projects\dain-ncnn-vulkan\src\CMakeFiles\5957365571b3e3f1a9ac1b88bf324c12\INSTALL_force.rule">
      <Filter>CMake Rules</Filter>
    </CustomBuild>
  </ItemGroup>
  <ItemGroup>
    <Filter Include="CMake Rules">
      <UniqueIdentifier>{638A5E3F-6BC8-38A0-90B9-57FC1BC6D475}</UniqueIdentifier>
    </Filter>
  </ItemGroup>
</Project>
