
Microsoft Visual Studio Solution File, Format Version 12.00
# Visual Studio Version 17
Project("{2150E333-8FDC-42A3-9474-1A3956D46DE8}") = "cmake", "cmake", "{2D67E42B-9380-3E07-95E1-9B9CAF60BE7E}"
EndProject
Project("{2150E333-8FDC-42A3-9474-1A3956D46DE8}") = "glslang", "glslang", "{BBE1874E-4EBF-3778-B7C1-886ACA2AAF73}"
EndProject
Project("{2150E333-8FDC-42A3-9474-1A3956D46DE8}") = "libncnn", "libncnn", "{84B59B70-F805-3E77-9A5E-1EB99C198390}"
EndProject
Project("{8BC9CEB8-8B4A-11D0-8D11-00A0C91BC942}") = "ALL_BUILD", "ALL_BUILD.vcxproj", "{0EC687C9-09DE-358F-A96F-75D6FAC71F43}"
	ProjectSection(ProjectDependencies) = postProject
		{DA19BD45-358F-3BB1-ABFB-A0F4B68F620A} = {DA19BD45-358F-3BB1-ABFB-A0F4B68F620A}
		{CB725A8E-0B25-3A64-B56A-6DE762982A32} = {CB725A8E-0B25-3A64-B56A-6DE762982A32}
		{4BA4EF74-1E3B-3B2C-B96F-7CCA8AE29EB3} = {4BA4EF74-1E3B-3B2C-B96F-7CCA8AE29EB3}
		{02DDDCB7-10F9-3858-9E7A-AEE3DA2F18CF} = {02DDDCB7-10F9-3858-9E7A-AEE3DA2F18CF}
		{C46CF849-C44A-391D-A641-5331AA2FF988} = {C46CF849-C44A-391D-A641-5331AA2FF988}
		{FE667BF9-947F-308F-93F3-755D7D5200B1} = {FE667BF9-947F-308F-93F3-755D7D5200B1}
		{FA371AB9-58E9-3441-8BA3-05634FFE4673} = {FA371AB9-58E9-3441-8BA3-05634FFE4673}
		{C8AF158C-5268-373E-BF56-107B13FF17B6} = {C8AF158C-5268-373E-BF56-107B13FF17B6}
		{F8D884B0-EF62-3D74-BED0-5FC726DC6850} = {F8D884B0-EF62-3D74-BED0-5FC726DC6850}
	EndProjectSection
EndProject
Project("{8BC9CEB8-8B4A-11D0-8D11-00A0C91BC942}") = "GenericCodeGen", "glslang\glslang\GenericCodeGen.vcxproj", "{DA19BD45-358F-3BB1-ABFB-A0F4B68F620A}"
	ProjectSection(ProjectDependencies) = postProject
		{FE667BF9-947F-308F-93F3-755D7D5200B1} = {FE667BF9-947F-308F-93F3-755D7D5200B1}
	EndProjectSection
EndProject
Project("{8BC9CEB8-8B4A-11D0-8D11-00A0C91BC942}") = "INSTALL", "INSTALL.vcxproj", "{3FE56109-C517-3AD8-A42E-06420E3DA6AF}"
	ProjectSection(ProjectDependencies) = postProject
		{0EC687C9-09DE-358F-A96F-75D6FAC71F43} = {0EC687C9-09DE-358F-A96F-75D6FAC71F43}
		{FE667BF9-947F-308F-93F3-755D7D5200B1} = {FE667BF9-947F-308F-93F3-755D7D5200B1}
	EndProjectSection
EndProject
Project("{8BC9CEB8-8B4A-11D0-8D11-00A0C91BC942}") = "MachineIndependent", "glslang\glslang\MachineIndependent.vcxproj", "{CB725A8E-0B25-3A64-B56A-6DE762982A32}"
	ProjectSection(ProjectDependencies) = postProject
		{DA19BD45-358F-3BB1-ABFB-A0F4B68F620A} = {DA19BD45-358F-3BB1-ABFB-A0F4B68F620A}
		{4BA4EF74-1E3B-3B2C-B96F-7CCA8AE29EB3} = {4BA4EF74-1E3B-3B2C-B96F-7CCA8AE29EB3}
		{02DDDCB7-10F9-3858-9E7A-AEE3DA2F18CF} = {02DDDCB7-10F9-3858-9E7A-AEE3DA2F18CF}
		{FE667BF9-947F-308F-93F3-755D7D5200B1} = {FE667BF9-947F-308F-93F3-755D7D5200B1}
	EndProjectSection
EndProject
Project("{8BC9CEB8-8B4A-11D0-8D11-00A0C91BC942}") = "OGLCompiler", "glslang\OGLCompilersDLL\OGLCompiler.vcxproj", "{4BA4EF74-1E3B-3B2C-B96F-7CCA8AE29EB3}"
	ProjectSection(ProjectDependencies) = postProject
		{FE667BF9-947F-308F-93F3-755D7D5200B1} = {FE667BF9-947F-308F-93F3-755D7D5200B1}
	EndProjectSection
EndProject
Project("{8BC9CEB8-8B4A-11D0-8D11-00A0C91BC942}") = "OSDependent", "glslang\glslang\OSDependent\Windows\OSDependent.vcxproj", "{02DDDCB7-10F9-3858-9E7A-AEE3DA2F18CF}"
	ProjectSection(ProjectDependencies) = postProject
		{FE667BF9-947F-308F-93F3-755D7D5200B1} = {FE667BF9-947F-308F-93F3-755D7D5200B1}
	EndProjectSection
EndProject
Project("{8BC9CEB8-8B4A-11D0-8D11-00A0C91BC942}") = "SPIRV", "glslang\SPIRV\SPIRV.vcxproj", "{C46CF849-C44A-391D-A641-5331AA2FF988}"
	ProjectSection(ProjectDependencies) = postProject
		{DA19BD45-358F-3BB1-ABFB-A0F4B68F620A} = {DA19BD45-358F-3BB1-ABFB-A0F4B68F620A}
		{CB725A8E-0B25-3A64-B56A-6DE762982A32} = {CB725A8E-0B25-3A64-B56A-6DE762982A32}
		{4BA4EF74-1E3B-3B2C-B96F-7CCA8AE29EB3} = {4BA4EF74-1E3B-3B2C-B96F-7CCA8AE29EB3}
		{02DDDCB7-10F9-3858-9E7A-AEE3DA2F18CF} = {02DDDCB7-10F9-3858-9E7A-AEE3DA2F18CF}
		{FE667BF9-947F-308F-93F3-755D7D5200B1} = {FE667BF9-947F-308F-93F3-755D7D5200B1}
	EndProjectSection
EndProject
Project("{8BC9CEB8-8B4A-11D0-8D11-00A0C91BC942}") = "ZERO_CHECK", "..\\ZERO_CHECK.vcxproj", "{FE667BF9-947F-308F-93F3-755D7D5200B1}"
	ProjectSection(ProjectDependencies) = postProject
	EndProjectSection
EndProject
Project("{8BC9CEB8-8B4A-11D0-8D11-00A0C91BC942}") = "glslang", "glslang\glslang\glslang.vcxproj", "{FA371AB9-58E9-3441-8BA3-05634FFE4673}"
	ProjectSection(ProjectDependencies) = postProject
		{DA19BD45-358F-3BB1-ABFB-A0F4B68F620A} = {DA19BD45-358F-3BB1-ABFB-A0F4B68F620A}
		{CB725A8E-0B25-3A64-B56A-6DE762982A32} = {CB725A8E-0B25-3A64-B56A-6DE762982A32}
		{4BA4EF74-1E3B-3B2C-B96F-7CCA8AE29EB3} = {4BA4EF74-1E3B-3B2C-B96F-7CCA8AE29EB3}
		{02DDDCB7-10F9-3858-9E7A-AEE3DA2F18CF} = {02DDDCB7-10F9-3858-9E7A-AEE3DA2F18CF}
		{FE667BF9-947F-308F-93F3-755D7D5200B1} = {FE667BF9-947F-308F-93F3-755D7D5200B1}
	EndProjectSection
EndProject
Project("{8BC9CEB8-8B4A-11D0-8D11-00A0C91BC942}") = "glslang-default-resource-limits", "glslang\glslang\glslang-default-resource-limits.vcxproj", "{C8AF158C-5268-373E-BF56-107B13FF17B6}"
	ProjectSection(ProjectDependencies) = postProject
		{FE667BF9-947F-308F-93F3-755D7D5200B1} = {FE667BF9-947F-308F-93F3-755D7D5200B1}
	EndProjectSection
EndProject
Project("{8BC9CEB8-8B4A-11D0-8D11-00A0C91BC942}") = "ncnn", "src\ncnn.vcxproj", "{F8D884B0-EF62-3D74-BED0-5FC726DC6850}"
	ProjectSection(ProjectDependencies) = postProject
		{DA19BD45-358F-3BB1-ABFB-A0F4B68F620A} = {DA19BD45-358F-3BB1-ABFB-A0F4B68F620A}
		{CB725A8E-0B25-3A64-B56A-6DE762982A32} = {CB725A8E-0B25-3A64-B56A-6DE762982A32}
		{4BA4EF74-1E3B-3B2C-B96F-7CCA8AE29EB3} = {4BA4EF74-1E3B-3B2C-B96F-7CCA8AE29EB3}
		{02DDDCB7-10F9-3858-9E7A-AEE3DA2F18CF} = {02DDDCB7-10F9-3858-9E7A-AEE3DA2F18CF}
		{C46CF849-C44A-391D-A641-5331AA2FF988} = {C46CF849-C44A-391D-A641-5331AA2FF988}
		{FE667BF9-947F-308F-93F3-755D7D5200B1} = {FE667BF9-947F-308F-93F3-755D7D5200B1}
		{FA371AB9-58E9-3441-8BA3-05634FFE4673} = {FA371AB9-58E9-3441-8BA3-05634FFE4673}
		{5BE760D8-1107-3E6D-9002-6527859BC8A0} = {5BE760D8-1107-3E6D-9002-6527859BC8A0}
	EndProjectSection
EndProject
Project("{8BC9CEB8-8B4A-11D0-8D11-00A0C91BC942}") = "ncnn-generate-spirv", "src\ncnn-generate-spirv.vcxproj", "{5BE760D8-1107-3E6D-9002-6527859BC8A0}"
	ProjectSection(ProjectDependencies) = postProject
		{FE667BF9-947F-308F-93F3-755D7D5200B1} = {FE667BF9-947F-308F-93F3-755D7D5200B1}
	EndProjectSection
EndProject
Global
	GlobalSection(SolutionConfigurationPlatforms) = preSolution
		Debug|x64 = Debug|x64
		Release|x64 = Release|x64
		MinSizeRel|x64 = MinSizeRel|x64
		RelWithDebInfo|x64 = RelWithDebInfo|x64
	EndGlobalSection
	GlobalSection(ProjectConfigurationPlatforms) = postSolution
		{0EC687C9-09DE-358F-A96F-75D6FAC71F43}.Debug|x64.ActiveCfg = Debug|x64
		{0EC687C9-09DE-358F-A96F-75D6FAC71F43}.Debug|x64.Build.0 = Debug|x64
		{0EC687C9-09DE-358F-A96F-75D6FAC71F43}.Release|x64.ActiveCfg = Release|x64
		{0EC687C9-09DE-358F-A96F-75D6FAC71F43}.Release|x64.Build.0 = Release|x64
		{0EC687C9-09DE-358F-A96F-75D6FAC71F43}.MinSizeRel|x64.ActiveCfg = MinSizeRel|x64
		{0EC687C9-09DE-358F-A96F-75D6FAC71F43}.MinSizeRel|x64.Build.0 = MinSizeRel|x64
		{0EC687C9-09DE-358F-A96F-75D6FAC71F43}.RelWithDebInfo|x64.ActiveCfg = RelWithDebInfo|x64
		{0EC687C9-09DE-358F-A96F-75D6FAC71F43}.RelWithDebInfo|x64.Build.0 = RelWithDebInfo|x64
		{DA19BD45-358F-3BB1-ABFB-A0F4B68F620A}.Debug|x64.ActiveCfg = Debug|x64
		{DA19BD45-358F-3BB1-ABFB-A0F4B68F620A}.Debug|x64.Build.0 = Debug|x64
		{DA19BD45-358F-3BB1-ABFB-A0F4B68F620A}.Release|x64.ActiveCfg = Release|x64
		{DA19BD45-358F-3BB1-ABFB-A0F4B68F620A}.Release|x64.Build.0 = Release|x64
		{DA19BD45-358F-3BB1-ABFB-A0F4B68F620A}.MinSizeRel|x64.ActiveCfg = MinSizeRel|x64
		{DA19BD45-358F-3BB1-ABFB-A0F4B68F620A}.MinSizeRel|x64.Build.0 = MinSizeRel|x64
		{DA19BD45-358F-3BB1-ABFB-A0F4B68F620A}.RelWithDebInfo|x64.ActiveCfg = RelWithDebInfo|x64
		{DA19BD45-358F-3BB1-ABFB-A0F4B68F620A}.RelWithDebInfo|x64.Build.0 = RelWithDebInfo|x64
		{3FE56109-C517-3AD8-A42E-06420E3DA6AF}.Debug|x64.ActiveCfg = Debug|x64
		{3FE56109-C517-3AD8-A42E-06420E3DA6AF}.Release|x64.ActiveCfg = Release|x64
		{3FE56109-C517-3AD8-A42E-06420E3DA6AF}.MinSizeRel|x64.ActiveCfg = MinSizeRel|x64
		{3FE56109-C517-3AD8-A42E-06420E3DA6AF}.RelWithDebInfo|x64.ActiveCfg = RelWithDebInfo|x64
		{CB725A8E-0B25-3A64-B56A-6DE762982A32}.Debug|x64.ActiveCfg = Debug|x64
		{CB725A8E-0B25-3A64-B56A-6DE762982A32}.Debug|x64.Build.0 = Debug|x64
		{CB725A8E-0B25-3A64-B56A-6DE762982A32}.Release|x64.ActiveCfg = Release|x64
		{CB725A8E-0B25-3A64-B56A-6DE762982A32}.Release|x64.Build.0 = Release|x64
		{CB725A8E-0B25-3A64-B56A-6DE762982A32}.MinSizeRel|x64.ActiveCfg = MinSizeRel|x64
		{CB725A8E-0B25-3A64-B56A-6DE762982A32}.MinSizeRel|x64.Build.0 = MinSizeRel|x64
		{CB725A8E-0B25-3A64-B56A-6DE762982A32}.RelWithDebInfo|x64.ActiveCfg = RelWithDebInfo|x64
		{CB725A8E-0B25-3A64-B56A-6DE762982A32}.RelWithDebInfo|x64.Build.0 = RelWithDebInfo|x64
		{4BA4EF74-1E3B-3B2C-B96F-7CCA8AE29EB3}.Debug|x64.ActiveCfg = Debug|x64
		{4BA4EF74-1E3B-3B2C-B96F-7CCA8AE29EB3}.Debug|x64.Build.0 = Debug|x64
		{4BA4EF74-1E3B-3B2C-B96F-7CCA8AE29EB3}.Release|x64.ActiveCfg = Release|x64
		{4BA4EF74-1E3B-3B2C-B96F-7CCA8AE29EB3}.Release|x64.Build.0 = Release|x64
		{4BA4EF74-1E3B-3B2C-B96F-7CCA8AE29EB3}.MinSizeRel|x64.ActiveCfg = MinSizeRel|x64
		{4BA4EF74-1E3B-3B2C-B96F-7CCA8AE29EB3}.MinSizeRel|x64.Build.0 = MinSizeRel|x64
		{4BA4EF74-1E3B-3B2C-B96F-7CCA8AE29EB3}.RelWithDebInfo|x64.ActiveCfg = RelWithDebInfo|x64
		{4BA4EF74-1E3B-3B2C-B96F-7CCA8AE29EB3}.RelWithDebInfo|x64.Build.0 = RelWithDebInfo|x64
		{02DDDCB7-10F9-3858-9E7A-AEE3DA2F18CF}.Debug|x64.ActiveCfg = Debug|x64
		{02DDDCB7-10F9-3858-9E7A-AEE3DA2F18CF}.Debug|x64.Build.0 = Debug|x64
		{02DDDCB7-10F9-3858-9E7A-AEE3DA2F18CF}.Release|x64.ActiveCfg = Release|x64
		{02DDDCB7-10F9-3858-9E7A-AEE3DA2F18CF}.Release|x64.Build.0 = Release|x64
		{02DDDCB7-10F9-3858-9E7A-AEE3DA2F18CF}.MinSizeRel|x64.ActiveCfg = MinSizeRel|x64
		{02DDDCB7-10F9-3858-9E7A-AEE3DA2F18CF}.MinSizeRel|x64.Build.0 = MinSizeRel|x64
		{02DDDCB7-10F9-3858-9E7A-AEE3DA2F18CF}.RelWithDebInfo|x64.ActiveCfg = RelWithDebInfo|x64
		{02DDDCB7-10F9-3858-9E7A-AEE3DA2F18CF}.RelWithDebInfo|x64.Build.0 = RelWithDebInfo|x64
		{C46CF849-C44A-391D-A641-5331AA2FF988}.Debug|x64.ActiveCfg = Debug|x64
		{C46CF849-C44A-391D-A641-5331AA2FF988}.Debug|x64.Build.0 = Debug|x64
		{C46CF849-C44A-391D-A641-5331AA2FF988}.Release|x64.ActiveCfg = Release|x64
		{C46CF849-C44A-391D-A641-5331AA2FF988}.Release|x64.Build.0 = Release|x64
		{C46CF849-C44A-391D-A641-5331AA2FF988}.MinSizeRel|x64.ActiveCfg = MinSizeRel|x64
		{C46CF849-C44A-391D-A641-5331AA2FF988}.MinSizeRel|x64.Build.0 = MinSizeRel|x64
		{C46CF849-C44A-391D-A641-5331AA2FF988}.RelWithDebInfo|x64.ActiveCfg = RelWithDebInfo|x64
		{C46CF849-C44A-391D-A641-5331AA2FF988}.RelWithDebInfo|x64.Build.0 = RelWithDebInfo|x64
		{FE667BF9-947F-308F-93F3-755D7D5200B1}.Debug|x64.ActiveCfg = Debug|x64
		{FE667BF9-947F-308F-93F3-755D7D5200B1}.Debug|x64.Build.0 = Debug|x64
		{FE667BF9-947F-308F-93F3-755D7D5200B1}.Release|x64.ActiveCfg = Release|x64
		{FE667BF9-947F-308F-93F3-755D7D5200B1}.Release|x64.Build.0 = Release|x64
		{FE667BF9-947F-308F-93F3-755D7D5200B1}.MinSizeRel|x64.ActiveCfg = MinSizeRel|x64
		{FE667BF9-947F-308F-93F3-755D7D5200B1}.MinSizeRel|x64.Build.0 = MinSizeRel|x64
		{FE667BF9-947F-308F-93F3-755D7D5200B1}.RelWithDebInfo|x64.ActiveCfg = RelWithDebInfo|x64
		{FE667BF9-947F-308F-93F3-755D7D5200B1}.RelWithDebInfo|x64.Build.0 = RelWithDebInfo|x64
		{FA371AB9-58E9-3441-8BA3-05634FFE4673}.Debug|x64.ActiveCfg = Debug|x64
		{FA371AB9-58E9-3441-8BA3-05634FFE4673}.Debug|x64.Build.0 = Debug|x64
		{FA371AB9-58E9-3441-8BA3-05634FFE4673}.Release|x64.ActiveCfg = Release|x64
		{FA371AB9-58E9-3441-8BA3-05634FFE4673}.Release|x64.Build.0 = Release|x64
		{FA371AB9-58E9-3441-8BA3-05634FFE4673}.MinSizeRel|x64.ActiveCfg = MinSizeRel|x64
		{FA371AB9-58E9-3441-8BA3-05634FFE4673}.MinSizeRel|x64.Build.0 = MinSizeRel|x64
		{FA371AB9-58E9-3441-8BA3-05634FFE4673}.RelWithDebInfo|x64.ActiveCfg = RelWithDebInfo|x64
		{FA371AB9-58E9-3441-8BA3-05634FFE4673}.RelWithDebInfo|x64.Build.0 = RelWithDebInfo|x64
		{C8AF158C-5268-373E-BF56-107B13FF17B6}.Debug|x64.ActiveCfg = Debug|x64
		{C8AF158C-5268-373E-BF56-107B13FF17B6}.Debug|x64.Build.0 = Debug|x64
		{C8AF158C-5268-373E-BF56-107B13FF17B6}.Release|x64.ActiveCfg = Release|x64
		{C8AF158C-5268-373E-BF56-107B13FF17B6}.Release|x64.Build.0 = Release|x64
		{C8AF158C-5268-373E-BF56-107B13FF17B6}.MinSizeRel|x64.ActiveCfg = MinSizeRel|x64
		{C8AF158C-5268-373E-BF56-107B13FF17B6}.MinSizeRel|x64.Build.0 = MinSizeRel|x64
		{C8AF158C-5268-373E-BF56-107B13FF17B6}.RelWithDebInfo|x64.ActiveCfg = RelWithDebInfo|x64
		{C8AF158C-5268-373E-BF56-107B13FF17B6}.RelWithDebInfo|x64.Build.0 = RelWithDebInfo|x64
		{F8D884B0-EF62-3D74-BED0-5FC726DC6850}.Debug|x64.ActiveCfg = Debug|x64
		{F8D884B0-EF62-3D74-BED0-5FC726DC6850}.Debug|x64.Build.0 = Debug|x64
		{F8D884B0-EF62-3D74-BED0-5FC726DC6850}.Release|x64.ActiveCfg = Release|x64
		{F8D884B0-EF62-3D74-BED0-5FC726DC6850}.Release|x64.Build.0 = Release|x64
		{F8D884B0-EF62-3D74-BED0-5FC726DC6850}.MinSizeRel|x64.ActiveCfg = MinSizeRel|x64
		{F8D884B0-EF62-3D74-BED0-5FC726DC6850}.MinSizeRel|x64.Build.0 = MinSizeRel|x64
		{F8D884B0-EF62-3D74-BED0-5FC726DC6850}.RelWithDebInfo|x64.ActiveCfg = RelWithDebInfo|x64
		{F8D884B0-EF62-3D74-BED0-5FC726DC6850}.RelWithDebInfo|x64.Build.0 = RelWithDebInfo|x64
		{5BE760D8-1107-3E6D-9002-6527859BC8A0}.Debug|x64.ActiveCfg = Debug|x64
		{5BE760D8-1107-3E6D-9002-6527859BC8A0}.Debug|x64.Build.0 = Debug|x64
		{5BE760D8-1107-3E6D-9002-6527859BC8A0}.Release|x64.ActiveCfg = Release|x64
		{5BE760D8-1107-3E6D-9002-6527859BC8A0}.Release|x64.Build.0 = Release|x64
		{5BE760D8-1107-3E6D-9002-6527859BC8A0}.MinSizeRel|x64.ActiveCfg = MinSizeRel|x64
		{5BE760D8-1107-3E6D-9002-6527859BC8A0}.MinSizeRel|x64.Build.0 = MinSizeRel|x64
		{5BE760D8-1107-3E6D-9002-6527859BC8A0}.RelWithDebInfo|x64.ActiveCfg = RelWithDebInfo|x64
		{5BE760D8-1107-3E6D-9002-6527859BC8A0}.RelWithDebInfo|x64.Build.0 = RelWithDebInfo|x64
	EndGlobalSection
	GlobalSection(NestedProjects) = preSolution
		{0EC687C9-09DE-358F-A96F-75D6FAC71F43} = {2D67E42B-9380-3E07-95E1-9B9CAF60BE7E}
		{3FE56109-C517-3AD8-A42E-06420E3DA6AF} = {2D67E42B-9380-3E07-95E1-9B9CAF60BE7E}
		{FE667BF9-947F-308F-93F3-755D7D5200B1} = {2D67E42B-9380-3E07-95E1-9B9CAF60BE7E}
		{DA19BD45-358F-3BB1-ABFB-A0F4B68F620A} = {BBE1874E-4EBF-3778-B7C1-886ACA2AAF73}
		{CB725A8E-0B25-3A64-B56A-6DE762982A32} = {BBE1874E-4EBF-3778-B7C1-886ACA2AAF73}
		{4BA4EF74-1E3B-3B2C-B96F-7CCA8AE29EB3} = {BBE1874E-4EBF-3778-B7C1-886ACA2AAF73}
		{02DDDCB7-10F9-3858-9E7A-AEE3DA2F18CF} = {BBE1874E-4EBF-3778-B7C1-886ACA2AAF73}
		{C46CF849-C44A-391D-A641-5331AA2FF988} = {BBE1874E-4EBF-3778-B7C1-886ACA2AAF73}
		{FA371AB9-58E9-3441-8BA3-05634FFE4673} = {BBE1874E-4EBF-3778-B7C1-886ACA2AAF73}
		{C8AF158C-5268-373E-BF56-107B13FF17B6} = {BBE1874E-4EBF-3778-B7C1-886ACA2AAF73}
		{F8D884B0-EF62-3D74-BED0-5FC726DC6850} = {84B59B70-F805-3E77-9A5E-1EB99C198390}
		{5BE760D8-1107-3E6D-9002-6527859BC8A0} = {84B59B70-F805-3E77-9A5E-1EB99C198390}
	EndGlobalSection
	GlobalSection(ExtensibilityGlobals) = postSolution
		SolutionGuid = {8C1303EF-D1AD-373B-8354-4AE8DEEAD91A}
	EndGlobalSection
	GlobalSection(ExtensibilityAddIns) = postSolution
	EndGlobalSection
EndGlobal
